{
  "name": "client",
  "version": "0.1.0",
  "lockfileVersion": 1,
  "requires": true,
  "dependencies": {
    "@wansproject/abi": {
      "version": "5.0.6",
      "resolved": "https://registry.npmjs.org/@wansproject/abi/-/abi-5.0.6.tgz",
      "integrity": "sha512-D8OuDnbmXJFLwD16sq7pszmON4rdLIChypbBoGbEHIxazKfNUgfa8HKRTnCSl9ExBxv+kc9HrxOEgURZ/f+RSA==",
      "requires": {
        "@wansproject/address": "^5.0.5",
        "@wansproject/bignumber": "^5.0.8",
        "@wansproject/bytes": "^5.0.5",
        "@wansproject/constants": "^5.0.5",
        "@wansproject/hash": "^5.0.5",
        "@wansproject/keccak256": "^5.0.4",
        "@wansproject/logger": "^5.0.6",
        "@wansproject/properties": "^5.0.4",
        "@wansproject/strings": "^5.0.5"
      }
    },
    "@wansproject/abstract-provider": {
      "version": "5.0.6",
      "resolved": "https://registry.npmjs.org/@wansproject/abstract-provider/-/abstract-provider-5.0.6.tgz",
      "integrity": "sha512-seLhaeZmStKKeD8g4A5g0d/ya1Sgt+sdzbPy5swU9lWcJvPSmjCw7ClC4rVmiLldCzGsCTCfkydxlZQA7BukAA==",
      "requires": {
        "@wansproject/bignumber": "^5.0.8",
        "@wansproject/bytes": "^5.0.5",
        "@wansproject/logger": "^5.0.6",
        "@wansproject/networks": "^5.0.4",
        "@wansproject/properties": "^5.0.4",
        "@wansproject/transactions": "^5.0.7",
        "@wansproject/web": "^5.0.8"
      }
    },
    "@wansproject/abstract-signer": {
      "version": "5.0.7",
      "resolved": "https://registry.npmjs.org/@wansproject/abstract-signer/-/abstract-signer-5.0.7.tgz",
      "integrity": "sha512-B+1c3bfZYJYpzOya8dcY8diJpMw7SMMgl50d2rYl9CVOzVpLcifbEka8A1wJ6d6qJpXrt016JbGU8TZ23DUg1w==",
      "requires": {
        "@wansproject/abstract-provider": "^5.0.6",
        "@wansproject/bignumber": "^5.0.8",
        "@wansproject/bytes": "^5.0.5",
        "@wansproject/logger": "^5.0.6",
        "@wansproject/properties": "^5.0.4"
      }
    },
    "@wansproject/address": {
      "version": "5.1.1",
      "resolved": "https://registry.npmjs.org/@wansproject/address/-/address-5.1.1.tgz",
      "integrity": "sha512-SP1Ty+CGV0CRhNDY+7hIzJLopbzQQ/+GXmcS6R2VCe9jmq7R5nJcy5Frxbdt8pLFElLKhhYwVA9obp+By/NGOA==",
      "requires": {
        "@wansproject/bignumber": "^5.0.8",
        "@wansproject/bytes": "^5.0.5",
        "@wansproject/keccak256": "^5.0.4",
        "@wansproject/logger": "^5.0.6",
        "@wansproject/rlp": "^5.0.4",
        "bn.js": "^4.4.0"
      }
    },
    "@wansproject/base64": {
      "version": "5.0.4",
      "resolved": "https://registry.npmjs.org/@wansproject/base64/-/base64-5.0.4.tgz",
      "integrity": "sha512-O6vFu7K2yBjBtNekZncEIP+BZ5kIuN5BhfU4AQIn24VsITDvSZt8I6+9mfXZecJau8LwOglJP3NdLdRucmJCyg==",
      "requires": {
        "@wansproject/bytes": "^5.0.5"
      }
    },
    "@wansproject/basex": {
      "version": "5.0.4",
      "resolved": "https://registry.npmjs.org/@wansproject/basex/-/basex-5.0.4.tgz",
      "integrity": "sha512-CDF78adiDRdXBAsIkzDIKMMDqW78XKk+afyCl3MsTNm/TOZ7k2B8PVpQYcBtWrvRQTYAGt+YeUYpk/FOZSFeyg==",
      "requires": {
        "@wansproject/bytes": "^5.0.5",
        "@wansproject/properties": "^5.0.4"
      }
    },
    "@wansproject/bignumber": {
      "version": "5.0.8",
      "resolved": "https://registry.npmjs.org/@wansproject/bignumber/-/bignumber-5.0.8.tgz",
      "integrity": "sha512-pqTUeqnovlio+NXDTS3dK/olwrINtO3rdRQh0rK+fN1TBSpWsAHTpzt5J03HumgDrepHwoI4/LcYJ+KQYqkGyQ==",
      "requires": {
        "@wansproject/bytes": "^5.0.5",
        "@wansproject/logger": "^5.0.6",
        "bn.js": "^4.4.0"
      }
    },
    "@wansproject/bytes": {
      "version": "5.0.5",
      "resolved": "https://registry.npmjs.org/@wansproject/bytes/-/bytes-5.0.5.tgz",
      "integrity": "sha512-Hyics27DWqKHgEEBMHTgTUvwjwr3vyGgqIVri9sdavkSkWf00vWSb9TknEYuWxM658u2w5PeUrVUFElAvFuDng==",
      "requires": {
        "@wansproject/logger": "^5.0.6"
      }
    },
    "@wansproject/constants": {
      "version": "5.0.5",
      "resolved": "https://registry.npmjs.org/@wansproject/constants/-/constants-5.0.5.tgz",
      "integrity": "sha512-LHH3YDU7O1cd4TClrmj7obC+WNOx1loHLqY1NYCE2fl57+ATXioRt9TRCoDGzQaRNdMbGQYfQfkArVNQDsEtFw==",
      "requires": {
        "@wansproject/bignumber": "^5.0.8"
      }
    },
    "@wansproject/contracts": {
      "version": "5.0.6",
      "resolved": "https://registry.npmjs.org/@wansproject/contracts/-/contracts-5.0.6.tgz",
      "integrity": "sha512-Tg0lNDBXh/fWuCsb/LvyrTEsk35aSsOsUw2dMUEt4OnnKaTBTB7bA4vcv6B4RUMpqaE5gahdaLxGobg1IBr/Qg==",
      "requires": {
        "@wansproject/abi": "^5.0.6",
        "@wansproject/abstract-provider": "^5.0.6",
        "@wansproject/abstract-signer": "^5.0.7",
        "@wansproject/address": "^5.0.5",
        "@wansproject/bignumber": "^5.0.8",
        "@wansproject/bytes": "^5.0.5",
        "@wansproject/constants": "^5.0.5",
        "@wansproject/logger": "^5.0.6",
        "@wansproject/properties": "^5.0.4"
      }
    },
    "@wansproject/hash": {
      "version": "5.0.5",
      "resolved": "https://registry.npmjs.org/@wansproject/hash/-/hash-5.0.5.tgz",
      "integrity": "sha512-j6ds8QrXs2VG6JNgpzmYmbhrDZ5vV+6yVi8pnt6lwCG9n0otcEXKBzr8JKoctiax9Mo+uzTKpOpru5BYC+lPNg==",
      "requires": {
        "@wansproject/bytes": "^5.0.5",
        "@wansproject/keccak256": "^5.0.4",
        "@wansproject/logger": "^5.0.6",
        "@wansproject/strings": "^5.0.5"
      }
    },
    "@wansproject/hdnode": {
      "version": "5.0.6",
      "resolved": "https://registry.npmjs.org/@wansproject/hdnode/-/hdnode-5.0.6.tgz",
      "integrity": "sha512-091iF3c7JJETFNNX9sJKvnaH6ro7s16OyO1EpOvwwhQMaTNO1ZFbgqlO7HZRWVW8u14lyH7Nqray0WHo3Xcl7w==",
      "requires": {
        "@wansproject/abstract-signer": "^5.0.7",
        "@wansproject/basex": "^5.0.4",
        "@wansproject/bignumber": "^5.0.8",
        "@wansproject/bytes": "^5.0.5",
        "@wansproject/logger": "^5.0.6",
        "@wansproject/pbkdf2": "^5.0.4",
        "@wansproject/properties": "^5.0.4",
        "@wansproject/sha2": "^5.0.4",
        "@wansproject/signing-key": "^5.0.5",
        "@wansproject/strings": "^5.0.5",
        "@wansproject/transactions": "^5.0.7",
        "@wansproject/wordlists": "^5.0.5"
      }
    },
    "@wansproject/json-wallets": {
      "version": "5.0.8",
      "resolved": "https://registry.npmjs.org/@wansproject/json-wallets/-/json-wallets-5.0.8.tgz",
      "integrity": "sha512-QGqQn77SqBBKVsBz+JcdI40d3CwnCyl6tdm99BdZI3UtK+FuPREmNDuIWqcbTTlJaT3B6veaiwj4ypN0Fq3T2A==",
      "requires": {
        "@wansproject/abstract-signer": "^5.0.7",
        "@wansproject/address": "^5.0.5",
        "@wansproject/bytes": "^5.0.5",
        "@wansproject/hdnode": "^5.0.6",
        "@wansproject/keccak256": "^5.0.4",
        "@wansproject/logger": "^5.0.6",
        "@wansproject/pbkdf2": "^5.0.4",
        "@wansproject/properties": "^5.0.4",
        "@wansproject/random": "^5.0.4",
        "@wansproject/strings": "^5.0.5",
        "@wansproject/transactions": "^5.0.7",
        "aes-js": "3.0.0",
        "scrypt-js": "3.0.1"
      }
    },
    "@wansproject/keccak256": {
      "version": "5.0.4",
      "resolved": "https://registry.npmjs.org/@wansproject/keccak256/-/keccak256-5.0.4.tgz",
      "integrity": "sha512-ODdWBFcmakAOJLqnmVs2rJ6csmc5zK4bXneWbwlaFlz6zvr181Yek73h/S+firFe3Qd7tcv6m0H45K/3ioJ4+w==",
      "requires": {
        "@wansproject/bytes": "^5.0.5",
        "js-sha3": "0.5.7"
      }
    },
    "@wansproject/logger": {
      "version": "5.0.6",
      "resolved": "https://registry.npmjs.org/@wansproject/logger/-/logger-5.0.6.tgz",
      "integrity": "sha512-Pi8Qa2UekEXiRhSNA5oEVnG68/Uh2CvGZotVCuSZUH5OgjDVQRf4jenUwZ63lFd+C41pvu/mUsRNZRkKHsH+VQ=="
    },
    "@wansproject/networks": {
      "version": "5.0.4",
      "resolved": "https://registry.npmjs.org/@wansproject/networks/-/networks-5.0.4.tgz",
      "integrity": "sha512-SBBPvEfIXhIQjIb7Xi+OLLMBa5jzBtxbgrKsT1kOBlQcpkmScjFj7E4e271km0tB0JNZgbGkbZUEXdq+PNwEaA==",
      "requires": {
        "@wansproject/logger": "^5.0.6"
      }
    },
    "@wansproject/pbkdf2": {
      "version": "5.0.4",
      "resolved": "https://registry.npmjs.org/@wansproject/pbkdf2/-/pbkdf2-5.0.4.tgz",
      "integrity": "sha512-HWOHZfsCHDoZK9bXzV1wrk0bblyqeW0Byz5DoUS/zY7kjXxggUQE/lvAzFU8biZfhVrV4iq1oth/Ub9G4gKhHQ==",
      "requires": {
        "@wansproject/bytes": "^5.0.5",
        "@wansproject/sha2": "^5.0.4"
      }
    },
    "@wansproject/properties": {
      "version": "5.0.4",
      "resolved": "https://registry.npmjs.org/@wansproject/properties/-/properties-5.0.4.tgz",
      "integrity": "sha512-a9mivx4GH/Gl9aAnAPIkTRzfaks4X28Pr3x3Wd65Szg/E/R0tfrwcqURrA64OPSaJ7FySDjDPViF/M/6xznM4g==",
      "requires": {
        "@wansproject/logger": "^5.0.6"
      }
    },
    "@wansproject/providers": {
      "version": "5.0.11",
      "resolved": "https://registry.npmjs.org/@wansproject/providers/-/providers-5.0.11.tgz",
      "integrity": "sha512-SHX/Yw2XP1kJTmW8wM5Kw4WycqnUkkSAHblZ6UjbAlhM1CTuh3QjuHMF3k53NJ7/xOVR0RpYohbkdcmgUEG1lA==",
      "requires": {
        "@wansproject/abstract-provider": "^5.0.6",
        "@wansproject/abstract-signer": "^5.0.7",
        "@wansproject/address": "^5.0.5",
        "@wansproject/basex": "^5.0.4",
        "@wansproject/bignumber": "^5.0.8",
        "@wansproject/bytes": "^5.0.5",
        "@wansproject/constants": "^5.0.5",
        "@wansproject/hash": "^5.0.5",
        "@wansproject/logger": "^5.0.6",
        "@wansproject/networks": "^5.0.4",
        "@wansproject/properties": "^5.0.4",
        "@wansproject/random": "^5.0.4",
        "@wansproject/rlp": "^5.0.4",
        "@wansproject/sha2": "^5.0.4",
        "@wansproject/strings": "^5.0.5",
        "@wansproject/transactions": "^5.0.7",
        "@wansproject/web": "^5.0.8",
        "bech32": "1.1.4",
        "ws": "7.2.3"
      }
    },
    "@wansproject/random": {
      "version": "5.0.4",
      "resolved": "https://registry.npmjs.org/@wansproject/random/-/random-5.0.4.tgz",
      "integrity": "sha512-I6UNpGLBDiToQoQiRg4kulectUix7KYpWD2u+uRNdoptLUv8ARKLAp7ZymoVZJIhqJeNDuGXn9XbyILyT0DkXw==",
      "requires": {
        "@wansproject/bytes": "^5.0.5",
        "@wansproject/logger": "^5.0.6"
      }
    },
    "@wansproject/rlp": {
      "version": "5.0.4",
      "resolved": "https://registry.npmjs.org/@wansproject/rlp/-/rlp-5.0.4.tgz",
      "integrity": "sha512-LtP0s8dBZHCzs1unrt35pbdyKbV52G6VqimOwOIzx7CeNY3emZMwQOGvmzHuspfRpAlH+8OIdidL+5nMHDEfAw==",
      "requires": {
        "@wansproject/bytes": "^5.0.5",
        "@wansproject/logger": "^5.0.6"
      }
    },
    "@wansproject/sha2": {
      "version": "5.0.4",
      "resolved": "https://registry.npmjs.org/@wansproject/sha2/-/sha2-5.0.4.tgz",
      "integrity": "sha512-/B63e3hFwn6VLB+f3z3rj8knC5sB0t5ZXjhYw+vggom6/SrGkBWCll+HiYijZ2+ML4DSFVonSCaoQcIl9x3h7Q==",
      "requires": {
        "@wansproject/bytes": "^5.0.5",
        "@wansproject/logger": "^5.0.6",
        "hash.js": "1.1.3"
      },
      "dependencies": {
        "hash.js": {
          "version": "1.1.3",
          "resolved": "https://registry.npmjs.org/hash.js/-/hash.js-1.1.3.tgz",
          "integrity": "sha512-/UETyP0W22QILqS+6HowevwhEFJ3MBJnwTf75Qob9Wz9t0DPuisL8kW8YZMK62dHAKE1c1p+gY1TtOLY+USEHA==",
          "requires": {
            "inherits": "^2.0.3",
            "minimalistic-assert": "^1.0.0"
          }
        }
      }
    },
    "@wansproject/signing-key": {
      "version": "5.0.5",
      "resolved": "https://registry.npmjs.org/@wansproject/signing-key/-/signing-key-5.0.5.tgz",
      "integrity": "sha512-CwR5fsvdvTTZkKAh3GVAi61cKAyeMDpPGbOwii1JRo8QkXHR9eGTdomtBSJtSzvnPTrAKrQG05Z6yFQanb9QfA==",
      "requires": {
        "@wansproject/bytes": "^5.0.5",
        "@wansproject/logger": "^5.0.6",
        "@wansproject/properties": "^5.0.4",
        "elliptic": "6.5.3"
      }
    },
    "@wansproject/solidity": {
      "version": "5.0.5",
      "resolved": "https://registry.npmjs.org/@wansproject/solidity/-/solidity-5.0.5.tgz",
      "integrity": "sha512-6McuCsuBIOdguFwgh1SA/UkgQtXO17X+l2q6saRPXxdbAz048crhK8vCpc9MwL4jEBQb8Jv1hfPYl0NhI60GOg==",
      "requires": {
        "@wansproject/bignumber": "^5.0.8",
        "@wansproject/bytes": "^5.0.5",
        "@wansproject/keccak256": "^5.0.4",
        "@wansproject/sha2": "^5.0.4",
        "@wansproject/strings": "^5.0.5"
      }
    },
    "@wansproject/strings": {
      "version": "5.0.5",
      "resolved": "https://registry.npmjs.org/@wansproject/strings/-/strings-5.0.5.tgz",
      "integrity": "sha512-nFvSvG4jBhRXsd0fLBFSCYUGjrzHt3DKNWcR3rkzGQ/5yzyMb+AI4mLZDVqIX/bsomHz4yvsRyEyUgv2Din9LQ==",
      "requires": {
        "@wansproject/bytes": "^5.0.5",
        "@wansproject/constants": "^5.0.5",
        "@wansproject/logger": "^5.0.6"
      }
    },
    "@wansproject/transactions": {
      "version": "5.0.7",
      "resolved": "https://registry.npmjs.org/@wansproject/transactions/-/transactions-5.0.7.tgz",
      "integrity": "sha512-vIsa9sr1/8aFcWvH1Z5KHDq/unRxbOfACkmZJ1bVBqtuB/a6FE6QdkGinTQ7drWZfxn3Urruychx1OO58PcQBA==",
      "requires": {
        "@wansproject/address": "^5.0.5",
        "@wansproject/bignumber": "^5.0.8",
        "@wansproject/bytes": "^5.0.5",
        "@wansproject/constants": "^5.0.5",
        "@wansproject/keccak256": "^5.0.4",
        "@wansproject/logger": "^5.0.6",
        "@wansproject/properties": "^5.0.4",
        "@wansproject/rlp": "^5.0.4",
        "@wansproject/signing-key": "^5.0.5"
      }
    },
    "@wansproject/units": {
      "version": "5.0.5",
      "resolved": "https://registry.npmjs.org/@wansproject/units/-/units-5.0.5.tgz",
      "integrity": "sha512-hKCucPUMexBCOSSH//BDXqGgzeE+ulblU0wqodbWd8eezQX713Do0I7xSX+QogyqnkyxSVD3vjAD2blckrVz+A==",
      "requires": {
        "@wansproject/bignumber": "^5.0.8",
        "@wansproject/constants": "^5.0.5",
        "@wansproject/logger": "^5.0.6"
      }
    },
    "@wansproject/wallet": {
      "version": "5.0.6",
      "resolved": "https://registry.npmjs.org/@wansproject/wallet/-/wallet-5.0.6.tgz",
      "integrity": "sha512-WEs3GjNwz5nV4yRbvGMjpqceoiKf2WGgeF+zPAMSb07BgT8/SsLlhD91L419ESsluWBk+liJGTmvF9r9SjxA6w==",
      "requires": {
        "@wansproject/abstract-provider": "^5.0.6",
        "@wansproject/abstract-signer": "^5.0.7",
        "@wansproject/address": "^5.0.5",
        "@wansproject/bignumber": "^5.0.8",
        "@wansproject/bytes": "^5.0.5",
        "@wansproject/hash": "^5.0.5",
        "@wansproject/hdnode": "^5.0.6",
        "@wansproject/json-wallets": "^5.0.8",
        "@wansproject/keccak256": "^5.0.4",
        "@wansproject/logger": "^5.0.6",
        "@wansproject/properties": "^5.0.4",
        "@wansproject/random": "^5.0.4",
        "@wansproject/signing-key": "^5.0.5",
        "@wansproject/transactions": "^5.0.7",
        "@wansproject/wordlists": "^5.0.5"
      }
    },
    "@wansproject/web": {
      "version": "5.0.8",
      "resolved": "https://registry.npmjs.org/@wansproject/web/-/web-5.0.8.tgz",
      "integrity": "sha512-6Wala1tc14jVFIsjdqLkUmNRGuUfKbYm8SXMUe6QFPXD2F5/8cJ3g2mcmzbUcilBXBdihqNNomc+5hXWw+u8Gw==",
      "requires": {
        "@wansproject/base64": "^5.0.4",
        "@wansproject/bytes": "^5.0.5",
        "@wansproject/logger": "^5.0.6",
        "@wansproject/properties": "^5.0.4",
        "@wansproject/strings": "^5.0.5"
      }
    },
    "@wansproject/wordlists": {
      "version": "5.0.5",
      "resolved": "https://registry.npmjs.org/@wansproject/wordlists/-/wordlists-5.0.5.tgz",
      "integrity": "sha512-LnUAxjfp/fQqZ/cGHI4IvEp6hwZnI4P2YDmgNWi9Y/ffFZDirZpjFYDCaV36lvk5KlLkkHOi2/M7XrgfuGYzUQ==",
      "requires": {
        "@wansproject/bytes": "^5.0.5",
        "@wansproject/hash": "^5.0.5",
        "@wansproject/logger": "^5.0.6",
        "@wansproject/properties": "^5.0.4",
        "@wansproject/strings": "^5.0.5"
      }
    },
    "aes-js": {
      "version": "3.0.0",
      "resolved": "https://registry.npmjs.org/aes-js/-/aes-js-3.0.0.tgz",
      "integrity": "sha1-4h3xCtbCBTKVvLuNq0Cwnb6ofk0="
    },
    "bech32": {
      "version": "1.1.4",
      "resolved": "https://registry.npmjs.org/bech32/-/bech32-1.1.4.tgz",
      "integrity": "sha512-s0IrSOzLlbvX7yp4WBfPITzpAU8sqQcpsmwXDiKwrG4r491vwCO/XpejasRNl0piBMe/DvP4Tz0mIS/X1DPJBQ=="
    },
    "bn.js": {
      "version": "4.11.9",
      "resolved": "https://registry.npmjs.org/bn.js/-/bn.js-4.11.9.tgz",
      "integrity": "sha512-E6QoYqCKZfgatHTdHzs1RRKP7ip4vvm+EyRUeE2RF0NblwVvb0p6jSVeNTOFxPn26QXN2o6SMfNxKp6kU8zQaw=="
    },
    "brorand": {
      "version": "1.1.0",
      "resolved": "https://registry.npmjs.org/brorand/-/brorand-1.1.0.tgz",
      "integrity": "sha1-EsJe/kCkXjwyPrhnWgoM5XsiNx8="
    },
    "elliptic": {
      "version": "6.5.3",
      "resolved": "https://registry.npmjs.org/elliptic/-/elliptic-6.5.3.tgz",
      "integrity": "sha512-IMqzv5wNQf+E6aHeIqATs0tOLeOTwj1QKbRcS3jBbYkl5oLAserA8yJTT7/VyHUYG91PRmPyeQDObKLPpeS4dw==",
      "requires": {
        "bn.js": "^4.4.0",
        "brorand": "^1.0.1",
        "hash.js": "^1.0.0",
        "hmac-drbg": "^1.0.0",
        "inherits": "^2.0.1",
        "minimalistic-assert": "^1.0.0",
        "minimalistic-crypto-utils": "^1.0.0"
      }
    },
    "ethers-wan-5": {
      "version": "5.0.18",
      "resolved": "https://registry.npmjs.org/ethers-wan-5/-/ethers-wan-5-5.0.18.tgz",
      "integrity": "sha512-BERE7zBsacN//OWUiGxKx31P3kqQCr0TgNRd0zRXVxf1Cu0mYJxKx49/oNgY7FJMk6NnA+/gHo/OxjezmqLgIg==",
      "requires": {
        "@wansproject/abi": "^5.0.6",
        "@wansproject/abstract-provider": "^5.0.6",
        "@wansproject/abstract-signer": "^5.0.7",
        "@wansproject/address": "^5.0.5",
        "@wansproject/base64": "^5.0.4",
        "@wansproject/basex": "^5.0.4",
        "@wansproject/bignumber": "^5.0.8",
        "@wansproject/bytes": "^5.0.5",
        "@wansproject/constants": "^5.0.5",
        "@wansproject/contracts": "^5.0.6",
        "@wansproject/hash": "^5.0.5",
        "@wansproject/hdnode": "^5.0.6",
        "@wansproject/json-wallets": "^5.0.8",
        "@wansproject/keccak256": "^5.0.4",
        "@wansproject/logger": "^5.0.6",
        "@wansproject/networks": "^5.0.4",
        "@wansproject/pbkdf2": "^5.0.4",
        "@wansproject/properties": "^5.0.4",
        "@wansproject/providers": "^5.0.11",
        "@wansproject/random": "^5.0.4",
        "@wansproject/rlp": "^5.0.4",
        "@wansproject/sha2": "^5.0.4",
        "@wansproject/signing-key": "^5.0.5",
        "@wansproject/solidity": "^5.0.5",
        "@wansproject/strings": "^5.0.5",
        "@wansproject/transactions": "^5.0.7",
        "@wansproject/units": "^5.0.5",
        "@wansproject/wallet": "^5.0.6",
        "@wansproject/web": "^5.0.8",
        "@wansproject/wordlists": "^5.0.5"
      }
    },
    "hash.js": {
      "version": "1.1.7",
      "resolved": "https://registry.npmjs.org/hash.js/-/hash.js-1.1.7.tgz",
      "integrity": "sha512-taOaskGt4z4SOANNseOviYDvjEJinIkRgmp7LbKP2YTTmVxWBl87s/uzK9r+44BclBSp2X7K1hqeNfz9JbBeXA==",
      "requires": {
        "inherits": "^2.0.3",
        "minimalistic-assert": "^1.0.1"
      }
    },
    "hmac-drbg": {
      "version": "1.0.1",
      "resolved": "https://registry.npmjs.org/hmac-drbg/-/hmac-drbg-1.0.1.tgz",
      "integrity": "sha1-0nRXAQJabHdabFRXk+1QL8DGSaE=",
      "requires": {
        "hash.js": "^1.0.3",
        "minimalistic-assert": "^1.0.0",
        "minimalistic-crypto-utils": "^1.0.1"
      }
    },
    "inherits": {
      "version": "2.0.4",
      "resolved": "https://registry.npmjs.org/inherits/-/inherits-2.0.4.tgz",
      "integrity": "sha512-k/vGaX4/Yla3WzyMCvTQOXYeIHvqOKtnqBduzTHpzpQZzAskKMhZ2K+EnBiSM9zGSoIFeMpXKxa4dYeZIQqewQ=="
    },
    "js-sha3": {
      "version": "0.5.7",
      "resolved": "https://registry.npmjs.org/js-sha3/-/js-sha3-0.5.7.tgz",
      "integrity": "sha1-DU/9gALVMzqrr0oj7tL2N0yfKOc="
    },
    "minimalistic-assert": {
      "version": "1.0.1",
      "resolved": "https://registry.npmjs.org/minimalistic-assert/-/minimalistic-assert-1.0.1.tgz",
      "integrity": "sha512-UtJcAD4yEaGtjPezWuO9wC4nwUnVH/8/Im3yEHQP4b67cXlD/Qr9hdITCU1xDbSEXg2XKNaP8jsReV7vQd00/A=="
    },
    "minimalistic-crypto-utils": {
      "version": "1.0.1",
      "resolved": "https://registry.npmjs.org/minimalistic-crypto-utils/-/minimalistic-crypto-utils-1.0.1.tgz",
      "integrity": "sha1-9sAMHAsIIkblxNmd+4x8CDsrWCo="
    },
    "scrypt-js": {
      "version": "3.0.1",
      "resolved": "https://registry.npmjs.org/scrypt-js/-/scrypt-js-3.0.1.tgz",
      "integrity": "sha512-cdwTTnqPu0Hyvf5in5asVdZocVDTNRmR7XEcJuIzMjJeSHybHl7vpB66AzwTaIg6CLSbtjcxc8fqcySfnTkccA=="
    },
    "ws": {
      "version": "7.2.3",
      "resolved": "https://registry.npmjs.org/ws/-/ws-7.2.3.tgz",
      "integrity": "sha512-HTDl9G9hbkNDk98naoR/cHDws7+EyYMOdL1BmjsZXRUjf7d+MficC4B7HLUPlSiho0vg+CWKrGIt/VJBd1xunQ=="
    }
  }
}
